
Microsoft Visual Studio Solution File, Format Version 12.00
# Visual Studio 15
VisualStudioVersion = 15.0.28307.1267
MinimumVisualStudioVersion = 10.0.40219.1
Project("{FAE04EC0-301F-11D3-BF4B-00C04F79EFBC}") = "CSVdemo", "CSVdemo\CSVdemo.csproj", "{DE9978FE-5EF4-4CB8-9A2B-988B7A39895A}"
EndProject
Global
	GlobalSection(SolutionConfigurationPlatforms) = preSolution
		Debug|Any CPU = Debug|Any CPU
		Release|Any CPU = Release|Any CPU
	EndGlobalSection
	GlobalSection(ProjectConfigurationPlatforms) = postSolution
		{DE9978FE-5EF4-4CB8-9A2B-988B7A39895A}.Debug|Any CPU.ActiveCfg = Debug|Any CPU
		{DE9978FE-5EF4-4CB8-9A2B-988B7A39895A}.Debug|Any CPU.Build.0 = Debug|Any CPU
		{DE9978FE-5EF4-4CB8-9A2B-988B7A39895A}.Release|Any CPU.ActiveCfg = Release|Any CPU
		{DE9978FE-5EF4-4CB8-9A2B-988B7A39895A}.Release|Any CPU.Build.0 = Release|Any CPU
	EndGlobalSection
	GlobalSection(SolutionProperties) = preSolution
		HideSolutionNode = FALSE
	EndGlobalSection
	GlobalSection(ExtensibilityGlobals) = postSolution
		SolutionGuid = {048A7F38-7A42-4660-B02F-90C11136CFA8}
	EndGlobalSection
EndGlobal
